// !$*UTF8*$!
{
	archiveVersion = 1;
	classes = {
	};
	objectVersion = 51;
	objects = {

/* Begin PBXBuildFile section */
		226943B623F29C9C003D42BF /* AppDelegate.swift in Sources */ = {isa = PBXBuildFile; fileRef = 226943B523F29C9C003D42BF /* AppDelegate.swift */; };
		226943B823F29C9C003D42BF /* SceneDelegate.swift in Sources */ = {isa = PBXBuildFile; fileRef = 226943B723F29C9C003D42BF /* SceneDelegate.swift */; };
		226943BD23F29C9C003D42BF /* Main.storyboard in Resources */ = {isa = PBXBuildFile; fileRef = 226943BB23F29C9C003D42BF /* Main.storyboard */; };
		226943BF23F29C9F003D42BF /* Assets.xcassets in Resources */ = {isa = PBXBuildFile; fileRef = 226943BE23F29C9F003D42BF /* Assets.xcassets */; };
		226943C223F29C9F003D42BF /* LaunchScreen.storyboard in Resources */ = {isa = PBXBuildFile; fileRef = 226943C023F29C9F003D42BF /* LaunchScreen.storyboard */; };
		226943CD23F29C9F003D42BF /* ClearArchitectureTests.swift in Sources */ = {isa = PBXBuildFile; fileRef = 226943CC23F29C9F003D42BF /* ClearArchitectureTests.swift */; };
		226943D823F29C9F003D42BF /* ClearArchitectureUITests.swift in Sources */ = {isa = PBXBuildFile; fileRef = 226943D723F29C9F003D42BF /* ClearArchitectureUITests.swift */; };
		22987A6423F643BD0081C3A9 /* PagingInfo.swift in Sources */ = {isa = PBXBuildFile; fileRef = 22987A5023F643BD0081C3A9 /* PagingInfo.swift */; };
		22987A6523F643BD0081C3A9 /* Repository.swift in Sources */ = {isa = PBXBuildFile; fileRef = 22987A5123F643BD0081C3A9 /* Repository.swift */; };
		22987A6623F643BD0081C3A9 /* Post.swift in Sources */ = {isa = PBXBuildFile; fileRef = 22987A5223F643BD0081C3A9 /* Post.swift */; };
		22987A6923F643BD0081C3A9 /* RepositoryUseCase.swift in Sources */ = {isa = PBXBuildFile; fileRef = 22987A5723F643BD0081C3A9 /* RepositoryUseCase.swift */; };
		22987A7E23F643C40081C3A9 /* RepositoryNetwork.swift in Sources */ = {isa = PBXBuildFile; fileRef = 22987A6D23F643C40081C3A9 /* RepositoryNetwork.swift */; };
		22987A7F23F643C40081C3A9 /* RepositoryPage.swift in Sources */ = {isa = PBXBuildFile; fileRef = 22987A6F23F643C40081C3A9 /* RepositoryPage.swift */; };
		22987A8023F643C40081C3A9 /* String+Helper.swift in Sources */ = {isa = PBXBuildFile; fileRef = 22987A7123F643C40081C3A9 /* String+Helper.swift */; };
		22987A8123F643C40081C3A9 /* Network.swift in Sources */ = {isa = PBXBuildFile; fileRef = 22987A7223F643C40081C3A9 /* Network.swift */; };
		22987A8223F643C40081C3A9 /* NetworkProvider.swift in Sources */ = {isa = PBXBuildFile; fileRef = 22987A7323F643C40081C3A9 /* NetworkProvider.swift */; };
		22987A8323F643C40081C3A9 /* ResponseError.swift in Sources */ = {isa = PBXBuildFile; fileRef = 22987A7523F643C40081C3A9 /* ResponseError.swift */; };
		22987A8423F643C40081C3A9 /* APIError.swift in Sources */ = {isa = PBXBuildFile; fileRef = 22987A7623F643C40081C3A9 /* APIError.swift */; };
		22987A8523F643C40081C3A9 /* APIInput.swift in Sources */ = {isa = PBXBuildFile; fileRef = 22987A7723F643C40081C3A9 /* APIInput.swift */; };
		22987A8623F643C40081C3A9 /* APIResponseBase.swift in Sources */ = {isa = PBXBuildFile; fileRef = 22987A7823F643C40081C3A9 /* APIResponseBase.swift */; };
		22987A8823F643C40081C3A9 /* UseCaseProvider.swift in Sources */ = {isa = PBXBuildFile; fileRef = 22987A7C23F643C40081C3A9 /* UseCaseProvider.swift */; };
		22CF34B323F4E83B00E0F4FF /* DependencyAssembly.swift in Sources */ = {isa = PBXBuildFile; fileRef = 22CF34B223F4E83B00E0F4FF /* DependencyAssembly.swift */; };
		22CF34B823F51F3E00E0F4FF /* Application.swift in Sources */ = {isa = PBXBuildFile; fileRef = 22CF34B723F51F3E00E0F4FF /* Application.swift */; };
		22CF34C123F527D700E0F4FF /* ErrorTracker.swift in Sources */ = {isa = PBXBuildFile; fileRef = 22CF34BD23F527D700E0F4FF /* ErrorTracker.swift */; };
		22CF34C223F527D700E0F4FF /* ActivityIndicator.swift in Sources */ = {isa = PBXBuildFile; fileRef = 22CF34BE23F527D700E0F4FF /* ActivityIndicator.swift */; };
		22CF34C323F527D700E0F4FF /* Observable+Ext.swift in Sources */ = {isa = PBXBuildFile; fileRef = 22CF34BF23F527D700E0F4FF /* Observable+Ext.swift */; };
		22CF34C723F533DD00E0F4FF /* Constant.swift in Sources */ = {isa = PBXBuildFile; fileRef = 22CF34C623F533DD00E0F4FF /* Constant.swift */; };
		22CF34D223F549DD00E0F4FF /* RepositoryViewModel.swift in Sources */ = {isa = PBXBuildFile; fileRef = 22CF34D123F549DD00E0F4FF /* RepositoryViewModel.swift */; };
		22E9F4D923F4010D00C79D05 /* ViewModelType.swift in Sources */ = {isa = PBXBuildFile; fileRef = 22E9F4D823F4010D00C79D05 /* ViewModelType.swift */; };
		22E9F4DC23F4017300C79D05 /* BindableType.swift in Sources */ = {isa = PBXBuildFile; fileRef = 22E9F4DB23F4017300C79D05 /* BindableType.swift */; };
		22E9F4E323F405E300C79D05 /* UIViewController+Reactive.swift in Sources */ = {isa = PBXBuildFile; fileRef = 22E9F4E223F405E300C79D05 /* UIViewController+Reactive.swift */; };
		22E9F4E823F4062E00C79D05 /* RepositoryNavigator.swift in Sources */ = {isa = PBXBuildFile; fileRef = 22E9F4E423F4062E00C79D05 /* RepositoryNavigator.swift */; };
		22E9F4EA23F4062E00C79D05 /* RepositoryViewController.swift in Sources */ = {isa = PBXBuildFile; fileRef = 22E9F4E623F4062E00C79D05 /* RepositoryViewController.swift */; };
		256E44F662299DD255478AAB /* Pods_ClearArchitectureTests.framework in Frameworks */ = {isa = PBXBuildFile; fileRef = ED5808D74E350A8B941A112D /* Pods_ClearArchitectureTests.framework */; };
		78154F2BD58DE4052722CE15 /* Pods_ClearArchitecture_ClearArchitectureUITests.framework in Frameworks */ = {isa = PBXBuildFile; fileRef = F04E237B3125501E79BD6772 /* Pods_ClearArchitecture_ClearArchitectureUITests.framework */; };
		9C481F03BC12E500E3F8E069 /* Pods_ClearArchitecture.framework in Frameworks */ = {isa = PBXBuildFile; fileRef = 9E345BAAF7D529F67910484B /* Pods_ClearArchitecture.framework */; };
/* End PBXBuildFile section */

/* Begin PBXContainerItemProxy section */
		226943C923F29C9F003D42BF /* PBXContainerItemProxy */ = {
			isa = PBXContainerItemProxy;
			containerPortal = 226943AA23F29C9C003D42BF /* Project object */;
			proxyType = 1;
			remoteGlobalIDString = 226943B123F29C9C003D42BF;
			remoteInfo = ClearArchitecture;
		};
		226943D423F29C9F003D42BF /* PBXContainerItemProxy */ = {
			isa = PBXContainerItemProxy;
			containerPortal = 226943AA23F29C9C003D42BF /* Project object */;
			proxyType = 1;
			remoteGlobalIDString = 226943B123F29C9C003D42BF;
			remoteInfo = ClearArchitecture;
		};
/* End PBXContainerItemProxy section */

/* Begin PBXCopyFilesBuildPhase section */
		22C5C83A23F2A5F3003BE565 /* Embed Frameworks */ = {
			isa = PBXCopyFilesBuildPhase;
			buildActionMask = 2147483647;
			dstPath = "";
			dstSubfolderSpec = 10;
			files = (
			);
			name = "Embed Frameworks";
			runOnlyForDeploymentPostprocessing = 0;
		};
/* End PBXCopyFilesBuildPhase section */

/* Begin PBXFileReference section */
		0757A3AFD655E8658FA5CFA7 /* Pods-ClearArchitecture.debug.xcconfig */ = {isa = PBXFileReference; includeInIndex = 1; lastKnownFileType = text.xcconfig; name = "Pods-ClearArchitecture.debug.xcconfig"; path = "Target Support Files/Pods-ClearArchitecture/Pods-ClearArchitecture.debug.xcconfig"; sourceTree = "<group>"; };
		1A34ECC1B4B5C3FEA15687E6 /* Pods-ClearArchitectureTests.release.xcconfig */ = {isa = PBXFileReference; includeInIndex = 1; lastKnownFileType = text.xcconfig; name = "Pods-ClearArchitectureTests.release.xcconfig"; path = "Target Support Files/Pods-ClearArchitectureTests/Pods-ClearArchitectureTests.release.xcconfig"; sourceTree = "<group>"; };
		226943B223F29C9C003D42BF /* ClearArchitecture.app */ = {isa = PBXFileReference; explicitFileType = wrapper.application; includeInIndex = 0; path = ClearArchitecture.app; sourceTree = BUILT_PRODUCTS_DIR; };
		226943B523F29C9C003D42BF /* AppDelegate.swift */ = {isa = PBXFileReference; lastKnownFileType = sourcecode.swift; path = AppDelegate.swift; sourceTree = "<group>"; };
		226943B723F29C9C003D42BF /* SceneDelegate.swift */ = {isa = PBXFileReference; lastKnownFileType = sourcecode.swift; path = SceneDelegate.swift; sourceTree = "<group>"; };
		226943BC23F29C9C003D42BF /* Base */ = {isa = PBXFileReference; lastKnownFileType = file.storyboard; name = Base; path = Base.lproj/Main.storyboard; sourceTree = "<group>"; };
		226943BE23F29C9F003D42BF /* Assets.xcassets */ = {isa = PBXFileReference; lastKnownFileType = folder.assetcatalog; path = Assets.xcassets; sourceTree = "<group>"; };
		226943C123F29C9F003D42BF /* Base */ = {isa = PBXFileReference; lastKnownFileType = file.storyboard; name = Base; path = Base.lproj/LaunchScreen.storyboard; sourceTree = "<group>"; };
		226943C323F29C9F003D42BF /* Info.plist */ = {isa = PBXFileReference; lastKnownFileType = text.plist.xml; path = Info.plist; sourceTree = "<group>"; };
		226943C823F29C9F003D42BF /* ClearArchitectureTests.xctest */ = {isa = PBXFileReference; explicitFileType = wrapper.cfbundle; includeInIndex = 0; path = ClearArchitectureTests.xctest; sourceTree = BUILT_PRODUCTS_DIR; };
		226943CC23F29C9F003D42BF /* ClearArchitectureTests.swift */ = {isa = PBXFileReference; lastKnownFileType = sourcecode.swift; path = ClearArchitectureTests.swift; sourceTree = "<group>"; };
		226943CE23F29C9F003D42BF /* Info.plist */ = {isa = PBXFileReference; lastKnownFileType = text.plist.xml; path = Info.plist; sourceTree = "<group>"; };
		226943D323F29C9F003D42BF /* ClearArchitectureUITests.xctest */ = {isa = PBXFileReference; explicitFileType = wrapper.cfbundle; includeInIndex = 0; path = ClearArchitectureUITests.xctest; sourceTree = BUILT_PRODUCTS_DIR; };
		226943D723F29C9F003D42BF /* ClearArchitectureUITests.swift */ = {isa = PBXFileReference; lastKnownFileType = sourcecode.swift; path = ClearArchitectureUITests.swift; sourceTree = "<group>"; };
		226943D923F29C9F003D42BF /* Info.plist */ = {isa = PBXFileReference; lastKnownFileType = text.plist.xml; path = Info.plist; sourceTree = "<group>"; };
		22987A5023F643BD0081C3A9 /* PagingInfo.swift */ = {isa = PBXFileReference; fileEncoding = 4; lastKnownFileType = sourcecode.swift; path = PagingInfo.swift; sourceTree = "<group>"; };
		22987A5123F643BD0081C3A9 /* Repository.swift */ = {isa = PBXFileReference; fileEncoding = 4; lastKnownFileType = sourcecode.swift; path = Repository.swift; sourceTree = "<group>"; };
		22987A5223F643BD0081C3A9 /* Post.swift */ = {isa = PBXFileReference; fileEncoding = 4; lastKnownFileType = sourcecode.swift; path = Post.swift; sourceTree = "<group>"; };
		22987A5723F643BD0081C3A9 /* RepositoryUseCase.swift */ = {isa = PBXFileReference; fileEncoding = 4; lastKnownFileType = sourcecode.swift; path = RepositoryUseCase.swift; sourceTree = "<group>"; };
		22987A6D23F643C40081C3A9 /* RepositoryNetwork.swift */ = {isa = PBXFileReference; fileEncoding = 4; lastKnownFileType = sourcecode.swift; path = RepositoryNetwork.swift; sourceTree = "<group>"; };
		22987A6F23F643C40081C3A9 /* RepositoryPage.swift */ = {isa = PBXFileReference; fileEncoding = 4; lastKnownFileType = sourcecode.swift; name = RepositoryPage.swift; path = ../../../NetworkPlatform/Entries/RepositoryPage.swift; sourceTree = "<group>"; };
		22987A7123F643C40081C3A9 /* String+Helper.swift */ = {isa = PBXFileReference; fileEncoding = 4; lastKnownFileType = sourcecode.swift; name = "String+Helper.swift"; path = "../NetworkPlatform/Extension/String+Helper.swift"; sourceTree = "<group>"; };
		22987A7223F643C40081C3A9 /* Network.swift */ = {isa = PBXFileReference; fileEncoding = 4; lastKnownFileType = sourcecode.swift; path = Network.swift; sourceTree = "<group>"; };
		22987A7323F643C40081C3A9 /* NetworkProvider.swift */ = {isa = PBXFileReference; fileEncoding = 4; lastKnownFileType = sourcecode.swift; path = NetworkProvider.swift; sourceTree = "<group>"; };
		22987A7523F643C40081C3A9 /* ResponseError.swift */ = {isa = PBXFileReference; fileEncoding = 4; lastKnownFileType = sourcecode.swift; path = ResponseError.swift; sourceTree = "<group>"; };
		22987A7623F643C40081C3A9 /* APIError.swift */ = {isa = PBXFileReference; fileEncoding = 4; lastKnownFileType = sourcecode.swift; path = APIError.swift; sourceTree = "<group>"; };
		22987A7723F643C40081C3A9 /* APIInput.swift */ = {isa = PBXFileReference; fileEncoding = 4; lastKnownFileType = sourcecode.swift; path = APIInput.swift; sourceTree = "<group>"; };
		22987A7823F643C40081C3A9 /* APIResponseBase.swift */ = {isa = PBXFileReference; fileEncoding = 4; lastKnownFileType = sourcecode.swift; path = APIResponseBase.swift; sourceTree = "<group>"; };
		22987A7C23F643C40081C3A9 /* UseCaseProvider.swift */ = {isa = PBXFileReference; fileEncoding = 4; lastKnownFileType = sourcecode.swift; name = UseCaseProvider.swift; path = ../../NetworkPlatform/UseCase/UseCaseProvider.swift; sourceTree = "<group>"; };
		22CF34B223F4E83B00E0F4FF /* DependencyAssembly.swift */ = {isa = PBXFileReference; lastKnownFileType = sourcecode.swift; path = DependencyAssembly.swift; sourceTree = "<group>"; };
		22CF34B723F51F3E00E0F4FF /* Application.swift */ = {isa = PBXFileReference; lastKnownFileType = sourcecode.swift; path = Application.swift; sourceTree = "<group>"; };
		22CF34BD23F527D700E0F4FF /* ErrorTracker.swift */ = {isa = PBXFileReference; fileEncoding = 4; lastKnownFileType = sourcecode.swift; path = ErrorTracker.swift; sourceTree = "<group>"; };
		22CF34BE23F527D700E0F4FF /* ActivityIndicator.swift */ = {isa = PBXFileReference; fileEncoding = 4; lastKnownFileType = sourcecode.swift; path = ActivityIndicator.swift; sourceTree = "<group>"; };
		22CF34BF23F527D700E0F4FF /* Observable+Ext.swift */ = {isa = PBXFileReference; fileEncoding = 4; lastKnownFileType = sourcecode.swift; path = "Observable+Ext.swift"; sourceTree = "<group>"; };
		22CF34C623F533DD00E0F4FF /* Constant.swift */ = {isa = PBXFileReference; lastKnownFileType = sourcecode.swift; path = Constant.swift; sourceTree = "<group>"; };
		22CF34D123F549DD00E0F4FF /* RepositoryViewModel.swift */ = {isa = PBXFileReference; fileEncoding = 4; lastKnownFileType = sourcecode.swift; path = RepositoryViewModel.swift; sourceTree = "<group>"; };
		22E9F4D823F4010D00C79D05 /* ViewModelType.swift */ = {isa = PBXFileReference; lastKnownFileType = sourcecode.swift; path = ViewModelType.swift; sourceTree = "<group>"; };
		22E9F4DB23F4017300C79D05 /* BindableType.swift */ = {isa = PBXFileReference; lastKnownFileType = sourcecode.swift; path = BindableType.swift; sourceTree = "<group>"; };
		22E9F4E223F405E300C79D05 /* UIViewController+Reactive.swift */ = {isa = PBXFileReference; lastKnownFileType = sourcecode.swift; path = "UIViewController+Reactive.swift"; sourceTree = "<group>"; };
		22E9F4E423F4062E00C79D05 /* RepositoryNavigator.swift */ = {isa = PBXFileReference; lastKnownFileType = sourcecode.swift; path = RepositoryNavigator.swift; sourceTree = "<group>"; };
		22E9F4E623F4062E00C79D05 /* RepositoryViewController.swift */ = {isa = PBXFileReference; lastKnownFileType = sourcecode.swift; path = RepositoryViewController.swift; sourceTree = "<group>"; };
		37E9BACA9C0C10567C6A0F5F /* Pods-NetworkPlatform.debug.xcconfig */ = {isa = PBXFileReference; includeInIndex = 1; lastKnownFileType = text.xcconfig; name = "Pods-NetworkPlatform.debug.xcconfig"; path = "Target Support Files/Pods-NetworkPlatform/Pods-NetworkPlatform.debug.xcconfig"; sourceTree = "<group>"; };
		519BB947C95D2177BBC9E53E /* Pods-ClearArchitectureTests.debug.xcconfig */ = {isa = PBXFileReference; includeInIndex = 1; lastKnownFileType = text.xcconfig; name = "Pods-ClearArchitectureTests.debug.xcconfig"; path = "Target Support Files/Pods-ClearArchitectureTests/Pods-ClearArchitectureTests.debug.xcconfig"; sourceTree = "<group>"; };
		7419EA0901DCD9F2A797886F /* Pods_Domain.framework */ = {isa = PBXFileReference; explicitFileType = wrapper.framework; includeInIndex = 0; path = Pods_Domain.framework; sourceTree = BUILT_PRODUCTS_DIR; };
		7DBDE2D1BD643C8F5BFF4DC4 /* Pods-Domain.release.xcconfig */ = {isa = PBXFileReference; includeInIndex = 1; lastKnownFileType = text.xcconfig; name = "Pods-Domain.release.xcconfig"; path = "Target Support Files/Pods-Domain/Pods-Domain.release.xcconfig"; sourceTree = "<group>"; };
		9E345BAAF7D529F67910484B /* Pods_ClearArchitecture.framework */ = {isa = PBXFileReference; explicitFileType = wrapper.framework; includeInIndex = 0; path = Pods_ClearArchitecture.framework; sourceTree = BUILT_PRODUCTS_DIR; };
		A47BC82805C9841CF13AAFD5 /* Pods-NetworkPlatform.release.xcconfig */ = {isa = PBXFileReference; includeInIndex = 1; lastKnownFileType = text.xcconfig; name = "Pods-NetworkPlatform.release.xcconfig"; path = "Target Support Files/Pods-NetworkPlatform/Pods-NetworkPlatform.release.xcconfig"; sourceTree = "<group>"; };
		A4E9DEEE67CF184FB527EA50 /* Pods-ClearArchitecture.release.xcconfig */ = {isa = PBXFileReference; includeInIndex = 1; lastKnownFileType = text.xcconfig; name = "Pods-ClearArchitecture.release.xcconfig"; path = "Target Support Files/Pods-ClearArchitecture/Pods-ClearArchitecture.release.xcconfig"; sourceTree = "<group>"; };
		C760BFDA9A0B560F01D35F48 /* Pods_NetworkPlatform.framework */ = {isa = PBXFileReference; explicitFileType = wrapper.framework; includeInIndex = 0; path = Pods_NetworkPlatform.framework; sourceTree = BUILT_PRODUCTS_DIR; };
		CEC34AA5AC3F4758E9818C8B /* Pods-ClearArchitecture-ClearArchitectureUITests.release.xcconfig */ = {isa = PBXFileReference; includeInIndex = 1; lastKnownFileType = text.xcconfig; name = "Pods-ClearArchitecture-ClearArchitectureUITests.release.xcconfig"; path = "Target Support Files/Pods-ClearArchitecture-ClearArchitectureUITests/Pods-ClearArchitecture-ClearArchitectureUITests.release.xcconfig"; sourceTree = "<group>"; };
		ED5808D74E350A8B941A112D /* Pods_ClearArchitectureTests.framework */ = {isa = PBXFileReference; explicitFileType = wrapper.framework; includeInIndex = 0; path = Pods_ClearArchitectureTests.framework; sourceTree = BUILT_PRODUCTS_DIR; };
		ED6417F5F0501D7C804A3EE1 /* Pods-ClearArchitecture-ClearArchitectureUITests.debug.xcconfig */ = {isa = PBXFileReference; includeInIndex = 1; lastKnownFileType = text.xcconfig; name = "Pods-ClearArchitecture-ClearArchitectureUITests.debug.xcconfig"; path = "Target Support Files/Pods-ClearArchitecture-ClearArchitectureUITests/Pods-ClearArchitecture-ClearArchitectureUITests.debug.xcconfig"; sourceTree = "<group>"; };
		F04E237B3125501E79BD6772 /* Pods_ClearArchitecture_ClearArchitectureUITests.framework */ = {isa = PBXFileReference; explicitFileType = wrapper.framework; includeInIndex = 0; path = Pods_ClearArchitecture_ClearArchitectureUITests.framework; sourceTree = BUILT_PRODUCTS_DIR; };
		F263FD4426910F1ADEF7BB86 /* Pods-Domain.debug.xcconfig */ = {isa = PBXFileReference; includeInIndex = 1; lastKnownFileType = text.xcconfig; name = "Pods-Domain.debug.xcconfig"; path = "Target Support Files/Pods-Domain/Pods-Domain.debug.xcconfig"; sourceTree = "<group>"; };
/* End PBXFileReference section */

/* Begin PBXFrameworksBuildPhase section */
		226943AF23F29C9C003D42BF /* Frameworks */ = {
			isa = PBXFrameworksBuildPhase;
			buildActionMask = 2147483647;
			files = (
				9C481F03BC12E500E3F8E069 /* Pods_ClearArchitecture.framework in Frameworks */,
			);
			runOnlyForDeploymentPostprocessing = 0;
		};
		226943C523F29C9F003D42BF /* Frameworks */ = {
			isa = PBXFrameworksBuildPhase;
			buildActionMask = 2147483647;
			files = (
				256E44F662299DD255478AAB /* Pods_ClearArchitectureTests.framework in Frameworks */,
			);
			runOnlyForDeploymentPostprocessing = 0;
		};
		226943D023F29C9F003D42BF /* Frameworks */ = {
			isa = PBXFrameworksBuildPhase;
			buildActionMask = 2147483647;
			files = (
				78154F2BD58DE4052722CE15 /* Pods_ClearArchitecture_ClearArchitectureUITests.framework in Frameworks */,
			);
			runOnlyForDeploymentPostprocessing = 0;
		};
/* End PBXFrameworksBuildPhase section */

/* Begin PBXGroup section */
		2257F93F23F4E53D0031DD30 /* Common */ = {
			isa = PBXGroup;
			children = (
				22CF34B223F4E83B00E0F4FF /* DependencyAssembly.swift */,
				22CF34C623F533DD00E0F4FF /* Constant.swift */,
			);
			path = Common;
			sourceTree = "<group>";
		};
		226943A923F29C9C003D42BF = {
			isa = PBXGroup;
			children = (
				226943B423F29C9C003D42BF /* ClearArchitecture */,
				226943CB23F29C9F003D42BF /* ClearArchitectureTests */,
				226943D623F29C9F003D42BF /* ClearArchitectureUITests */,
				226943B323F29C9C003D42BF /* Products */,
				8D776673339BA93997D8C174 /* Pods */,
				92ED41A88C90F26B4C46655E /* Frameworks */,
			);
			sourceTree = "<group>";
		};
		226943B323F29C9C003D42BF /* Products */ = {
			isa = PBXGroup;
			children = (
				226943B223F29C9C003D42BF /* ClearArchitecture.app */,
				226943C823F29C9F003D42BF /* ClearArchitectureTests.xctest */,
				226943D323F29C9F003D42BF /* ClearArchitectureUITests.xctest */,
			);
			name = Products;
			sourceTree = "<group>";
		};
		226943B423F29C9C003D42BF /* ClearArchitecture */ = {
			isa = PBXGroup;
			children = (
				22987A6B23F643C40081C3A9 /* NetworkPlatform */,
				22987A4E23F643BD0081C3A9 /* Domain */,
				22CF34B423F51EC700E0F4FF /* Application */,
				2257F93F23F4E53D0031DD30 /* Common */,
				22E9F4E123F405D000C79D05 /* Extension */,
				22E9F4DF23F4058300C79D05 /* Scenes */,
				22E9F4DA23F4015800C79D05 /* View */,
				22E9F4D723F400FD00C79D05 /* ViewModel */,
			);
			path = ClearArchitecture;
			sourceTree = "<group>";
		};
		226943CB23F29C9F003D42BF /* ClearArchitectureTests */ = {
			isa = PBXGroup;
			children = (
				226943CC23F29C9F003D42BF /* ClearArchitectureTests.swift */,
				226943CE23F29C9F003D42BF /* Info.plist */,
			);
			path = ClearArchitectureTests;
			sourceTree = "<group>";
		};
		226943D623F29C9F003D42BF /* ClearArchitectureUITests */ = {
			isa = PBXGroup;
			children = (
				226943D723F29C9F003D42BF /* ClearArchitectureUITests.swift */,
				226943D923F29C9F003D42BF /* Info.plist */,
			);
			path = ClearArchitectureUITests;
			sourceTree = "<group>";
		};
		22987A4E23F643BD0081C3A9 /* Domain */ = {
			isa = PBXGroup;
			children = (
				22987A4F23F643BD0081C3A9 /* Entries */,
				22987A5623F643BD0081C3A9 /* UseCase */,
			);
			path = Domain;
			sourceTree = "<group>";
		};
		22987A4F23F643BD0081C3A9 /* Entries */ = {
			isa = PBXGroup;
			children = (
				22987A8A23F643D70081C3A9 /* APIResponse */,
				22987A5023F643BD0081C3A9 /* PagingInfo.swift */,
				22987A5123F643BD0081C3A9 /* Repository.swift */,
				22987A5223F643BD0081C3A9 /* Post.swift */,
			);
			path = Entries;
			sourceTree = "<group>";
		};
		22987A5623F643BD0081C3A9 /* UseCase */ = {
			isa = PBXGroup;
			children = (
				22987A7C23F643C40081C3A9 /* UseCaseProvider.swift */,
				22987A5723F643BD0081C3A9 /* RepositoryUseCase.swift */,
			);
			path = UseCase;
			sourceTree = "<group>";
		};
		22987A6B23F643C40081C3A9 /* NetworkPlatform */ = {
			isa = PBXGroup;
			children = (
				22987A7423F643C40081C3A9 /* Common */,
				22987A6C23F643C40081C3A9 /* Repository */,
				22987A7223F643C40081C3A9 /* Network.swift */,
				22987A7323F643C40081C3A9 /* NetworkProvider.swift */,
			);
			path = NetworkPlatform;
			sourceTree = "<group>";
		};
		22987A6C23F643C40081C3A9 /* Repository */ = {
			isa = PBXGroup;
			children = (
				22987A6D23F643C40081C3A9 /* RepositoryNetwork.swift */,
			);
			path = Repository;
			sourceTree = "<group>";
		};
		22987A7423F643C40081C3A9 /* Common */ = {
			isa = PBXGroup;
			children = (
				22987A7523F643C40081C3A9 /* ResponseError.swift */,
				22987A7623F643C40081C3A9 /* APIError.swift */,
				22987A7723F643C40081C3A9 /* APIInput.swift */,
				22987A7823F643C40081C3A9 /* APIResponseBase.swift */,
			);
			path = Common;
			sourceTree = "<group>";
		};
		22987A8A23F643D70081C3A9 /* APIResponse */ = {
			isa = PBXGroup;
			children = (
				22987A6F23F643C40081C3A9 /* RepositoryPage.swift */,
			);
			path = APIResponse;
			sourceTree = "<group>";
		};
		22CF34B423F51EC700E0F4FF /* Application */ = {
			isa = PBXGroup;
			children = (
				22CF34BB23F527D700E0F4FF /* Utility */,
				22CF34B623F51EED00E0F4FF /* Resource */,
				22CF34B523F51EDD00E0F4FF /* Storyboard */,
				226943B523F29C9C003D42BF /* AppDelegate.swift */,
				226943B723F29C9C003D42BF /* SceneDelegate.swift */,
				22CF34B723F51F3E00E0F4FF /* Application.swift */,
			);
			path = Application;
			sourceTree = "<group>";
		};
		22CF34B523F51EDD00E0F4FF /* Storyboard */ = {
			isa = PBXGroup;
			children = (
				226943C023F29C9F003D42BF /* LaunchScreen.storyboard */,
				226943BB23F29C9C003D42BF /* Main.storyboard */,
			);
			path = Storyboard;
			sourceTree = "<group>";
		};
		22CF34B623F51EED00E0F4FF /* Resource */ = {
			isa = PBXGroup;
			children = (
				226943BE23F29C9F003D42BF /* Assets.xcassets */,
				226943C323F29C9F003D42BF /* Info.plist */,
			);
			path = Resource;
			sourceTree = "<group>";
		};
		22CF34BB23F527D700E0F4FF /* Utility */ = {
			isa = PBXGroup;
			children = (
				22CF34BD23F527D700E0F4FF /* ErrorTracker.swift */,
				22CF34BE23F527D700E0F4FF /* ActivityIndicator.swift */,
				22CF34BF23F527D700E0F4FF /* Observable+Ext.swift */,
			);
			name = Utility;
			path = "../../../../../Downloads/CleanArchitectureRxSwift-master/CleanArchitectureRxSwift/Utility";
			sourceTree = "<group>";
		};
		22E9F4D723F400FD00C79D05 /* ViewModel */ = {
			isa = PBXGroup;
			children = (
				22E9F4D823F4010D00C79D05 /* ViewModelType.swift */,
			);
			path = ViewModel;
			sourceTree = "<group>";
		};
		22E9F4DA23F4015800C79D05 /* View */ = {
			isa = PBXGroup;
			children = (
				22E9F4DB23F4017300C79D05 /* BindableType.swift */,
			);
			path = View;
			sourceTree = "<group>";
		};
		22E9F4DF23F4058300C79D05 /* Scenes */ = {
			isa = PBXGroup;
			children = (
				22E9F4E023F4059100C79D05 /* AllPost */,
			);
			path = Scenes;
			sourceTree = "<group>";
		};
		22E9F4E023F4059100C79D05 /* AllPost */ = {
			isa = PBXGroup;
			children = (
				22E9F4E423F4062E00C79D05 /* RepositoryNavigator.swift */,
				22E9F4E623F4062E00C79D05 /* RepositoryViewController.swift */,
				22CF34D123F549DD00E0F4FF /* RepositoryViewModel.swift */,
			);
			path = AllPost;
			sourceTree = "<group>";
		};
		22E9F4E123F405D000C79D05 /* Extension */ = {
			isa = PBXGroup;
			children = (
				22987A7123F643C40081C3A9 /* String+Helper.swift */,
				22E9F4E223F405E300C79D05 /* UIViewController+Reactive.swift */,
			);
			path = Extension;
			sourceTree = "<group>";
		};
		8D776673339BA93997D8C174 /* Pods */ = {
			isa = PBXGroup;
			children = (
				0757A3AFD655E8658FA5CFA7 /* Pods-ClearArchitecture.debug.xcconfig */,
				A4E9DEEE67CF184FB527EA50 /* Pods-ClearArchitecture.release.xcconfig */,
				ED6417F5F0501D7C804A3EE1 /* Pods-ClearArchitecture-ClearArchitectureUITests.debug.xcconfig */,
				CEC34AA5AC3F4758E9818C8B /* Pods-ClearArchitecture-ClearArchitectureUITests.release.xcconfig */,
				519BB947C95D2177BBC9E53E /* Pods-ClearArchitectureTests.debug.xcconfig */,
				1A34ECC1B4B5C3FEA15687E6 /* Pods-ClearArchitectureTests.release.xcconfig */,
				F263FD4426910F1ADEF7BB86 /* Pods-Domain.debug.xcconfig */,
				7DBDE2D1BD643C8F5BFF4DC4 /* Pods-Domain.release.xcconfig */,
				37E9BACA9C0C10567C6A0F5F /* Pods-NetworkPlatform.debug.xcconfig */,
				A47BC82805C9841CF13AAFD5 /* Pods-NetworkPlatform.release.xcconfig */,
			);
			path = Pods;
			sourceTree = "<group>";
		};
		92ED41A88C90F26B4C46655E /* Frameworks */ = {
			isa = PBXGroup;
			children = (
				9E345BAAF7D529F67910484B /* Pods_ClearArchitecture.framework */,
				F04E237B3125501E79BD6772 /* Pods_ClearArchitecture_ClearArchitectureUITests.framework */,
				ED5808D74E350A8B941A112D /* Pods_ClearArchitectureTests.framework */,
				7419EA0901DCD9F2A797886F /* Pods_Domain.framework */,
				C760BFDA9A0B560F01D35F48 /* Pods_NetworkPlatform.framework */,
			);
			name = Frameworks;
			sourceTree = "<group>";
		};
/* End PBXGroup section */

/* Begin PBXNativeTarget section */
		226943B123F29C9C003D42BF /* ClearArchitecture */ = {
			isa = PBXNativeTarget;
			buildConfigurationList = 226943DC23F29C9F003D42BF /* Build configuration list for PBXNativeTarget "ClearArchitecture" */;
			buildPhases = (
				AE78E1B25720990F46B77A3B /* [CP] Check Pods Manifest.lock */,
				226943AE23F29C9C003D42BF /* Sources */,
				226943AF23F29C9C003D42BF /* Frameworks */,
				226943B023F29C9C003D42BF /* Resources */,
				22BB973723F2A0C100CB3AAB /* Swiftlint */,
				22C5C83A23F2A5F3003BE565 /* Embed Frameworks */,
				9498E2C2970E72E15E7F1571 /* [CP] Embed Pods Frameworks */,
			);
			buildRules = (
			);
			dependencies = (
			);
			name = ClearArchitecture;
			productName = ClearArchitecture;
			productReference = 226943B223F29C9C003D42BF /* ClearArchitecture.app */;
			productType = "com.apple.product-type.application";
		};
		226943C723F29C9F003D42BF /* ClearArchitectureTests */ = {
			isa = PBXNativeTarget;
			buildConfigurationList = 226943DF23F29C9F003D42BF /* Build configuration list for PBXNativeTarget "ClearArchitectureTests" */;
			buildPhases = (
				A9A904081401796D3379EDE0 /* [CP] Check Pods Manifest.lock */,
				226943C423F29C9F003D42BF /* Sources */,
				226943C523F29C9F003D42BF /* Frameworks */,
				226943C623F29C9F003D42BF /* Resources */,
			);
			buildRules = (
			);
			dependencies = (
				226943CA23F29C9F003D42BF /* PBXTargetDependency */,
			);
			name = ClearArchitectureTests;
			productName = ClearArchitectureTests;
			productReference = 226943C823F29C9F003D42BF /* ClearArchitectureTests.xctest */;
			productType = "com.apple.product-type.bundle.unit-test";
		};
		226943D223F29C9F003D42BF /* ClearArchitectureUITests */ = {
			isa = PBXNativeTarget;
			buildConfigurationList = 226943E223F29C9F003D42BF /* Build configuration list for PBXNativeTarget "ClearArchitectureUITests" */;
			buildPhases = (
				1F96A927149025E1E257581E /* [CP] Check Pods Manifest.lock */,
				226943CF23F29C9F003D42BF /* Sources */,
				226943D023F29C9F003D42BF /* Frameworks */,
				226943D123F29C9F003D42BF /* Resources */,
				F2B225C129CDAD3F5A400748 /* [CP] Embed Pods Frameworks */,
			);
			buildRules = (
			);
			dependencies = (
				226943D523F29C9F003D42BF /* PBXTargetDependency */,
			);
			name = ClearArchitectureUITests;
			productName = ClearArchitectureUITests;
			productReference = 226943D323F29C9F003D42BF /* ClearArchitectureUITests.xctest */;
			productType = "com.apple.product-type.bundle.ui-testing";
		};
/* End PBXNativeTarget section */

/* Begin PBXProject section */
		226943AA23F29C9C003D42BF /* Project object */ = {
			isa = PBXProject;
			attributes = {
				LastSwiftUpdateCheck = 1130;
				LastUpgradeCheck = 1130;
				ORGANIZATIONNAME = "Storm Ng";
				TargetAttributes = {
					226943B123F29C9C003D42BF = {
						CreatedOnToolsVersion = 11.3.1;
					};
					226943C723F29C9F003D42BF = {
						CreatedOnToolsVersion = 11.3.1;
						TestTargetID = 226943B123F29C9C003D42BF;
					};
					226943D223F29C9F003D42BF = {
						CreatedOnToolsVersion = 11.3.1;
						TestTargetID = 226943B123F29C9C003D42BF;
					};
				};
			};
			buildConfigurationList = 226943AD23F29C9C003D42BF /* Build configuration list for PBXProject "ClearArchitecture" */;
			compatibilityVersion = "Xcode 9.3";
			developmentRegion = en;
			hasScannedForEncodings = 0;
			knownRegions = (
				en,
				Base,
			);
			mainGroup = 226943A923F29C9C003D42BF;
			productRefGroup = 226943B323F29C9C003D42BF /* Products */;
			projectDirPath = "";
			projectRoot = "";
			targets = (
				226943B123F29C9C003D42BF /* ClearArchitecture */,
				226943C723F29C9F003D42BF /* ClearArchitectureTests */,
				226943D223F29C9F003D42BF /* ClearArchitectureUITests */,
			);
		};
/* End PBXProject section */

/* Begin PBXResourcesBuildPhase section */
		226943B023F29C9C003D42BF /* Resources */ = {
			isa = PBXResourcesBuildPhase;
			buildActionMask = 2147483647;
			files = (
				226943C223F29C9F003D42BF /* LaunchScreen.storyboard in Resources */,
				226943BF23F29C9F003D42BF /* Assets.xcassets in Resources */,
				226943BD23F29C9C003D42BF /* Main.storyboard in Resources */,
			);
			runOnlyForDeploymentPostprocessing = 0;
		};
		226943C623F29C9F003D42BF /* Resources */ = {
			isa = PBXResourcesBuildPhase;
			buildActionMask = 2147483647;
			files = (
			);
			runOnlyForDeploymentPostprocessing = 0;
		};
		226943D123F29C9F003D42BF /* Resources */ = {
			isa = PBXResourcesBuildPhase;
			buildActionMask = 2147483647;
			files = (
			);
			runOnlyForDeploymentPostprocessing = 0;
		};
/* End PBXResourcesBuildPhase section */

/* Begin PBXShellScriptBuildPhase section */
		1F96A927149025E1E257581E /* [CP] Check Pods Manifest.lock */ = {
			isa = PBXShellScriptBuildPhase;
			buildActionMask = 2147483647;
			files = (
			);
			inputFileListPaths = (
			);
			inputPaths = (
				"${PODS_PODFILE_DIR_PATH}/Podfile.lock",
				"${PODS_ROOT}/Manifest.lock",
			);
			name = "[CP] Check Pods Manifest.lock";
			outputFileListPaths = (
			);
			outputPaths = (
				"$(DERIVED_FILE_DIR)/Pods-ClearArchitecture-ClearArchitectureUITests-checkManifestLockResult.txt",
			);
			runOnlyForDeploymentPostprocessing = 0;
			shellPath = /bin/sh;
			shellScript = "diff \"${PODS_PODFILE_DIR_PATH}/Podfile.lock\" \"${PODS_ROOT}/Manifest.lock\" > /dev/null\nif [ $? != 0 ] ; then\n    # print error to STDERR\n    echo \"error: The sandbox is not in sync with the Podfile.lock. Run 'pod install' or update your CocoaPods installation.\" >&2\n    exit 1\nfi\n# This output is used by Xcode 'outputs' to avoid re-running this script phase.\necho \"SUCCESS\" > \"${SCRIPT_OUTPUT_FILE_0}\"\n";
			showEnvVarsInLog = 0;
		};
		22BB973723F2A0C100CB3AAB /* Swiftlint */ = {
			isa = PBXShellScriptBuildPhase;
			buildActionMask = 2147483647;
			files = (
			);
			inputFileListPaths = (
			);
			inputPaths = (
			);
			name = Swiftlint;
			outputFileListPaths = (
			);
			outputPaths = (
			);
			runOnlyForDeploymentPostprocessing = 0;
			shellPath = /bin/sh;
			shellScript = "# Type a script or drag a script file from your workspace to insert its path.\n\"${PODS_ROOT}/SwiftLint/swiftlint\"\n";
		};
		9498E2C2970E72E15E7F1571 /* [CP] Embed Pods Frameworks */ = {
			isa = PBXShellScriptBuildPhase;
			buildActionMask = 2147483647;
			files = (
			);
			inputFileListPaths = (
				"${PODS_ROOT}/Target Support Files/Pods-ClearArchitecture/Pods-ClearArchitecture-frameworks-${CONFIGURATION}-input-files.xcfilelist",
			);
			name = "[CP] Embed Pods Frameworks";
			outputFileListPaths = (
				"${PODS_ROOT}/Target Support Files/Pods-ClearArchitecture/Pods-ClearArchitecture-frameworks-${CONFIGURATION}-output-files.xcfilelist",
			);
			runOnlyForDeploymentPostprocessing = 0;
			shellPath = /bin/sh;
			shellScript = "\"${PODS_ROOT}/Target Support Files/Pods-ClearArchitecture/Pods-ClearArchitecture-frameworks.sh\"\n";
			showEnvVarsInLog = 0;
		};
		A9A904081401796D3379EDE0 /* [CP] Check Pods Manifest.lock */ = {
			isa = PBXShellScriptBuildPhase;
			buildActionMask = 2147483647;
			files = (
			);
			inputFileListPaths = (
			);
			inputPaths = (
				"${PODS_PODFILE_DIR_PATH}/Podfile.lock",
				"${PODS_ROOT}/Manifest.lock",
			);
			name = "[CP] Check Pods Manifest.lock";
			outputFileListPaths = (
			);
			outputPaths = (
				"$(DERIVED_FILE_DIR)/Pods-ClearArchitectureTests-checkManifestLockResult.txt",
			);
			runOnlyForDeploymentPostprocessing = 0;
			shellPath = /bin/sh;
			shellScript = "diff \"${PODS_PODFILE_DIR_PATH}/Podfile.lock\" \"${PODS_ROOT}/Manifest.lock\" > /dev/null\nif [ $? != 0 ] ; then\n    # print error to STDERR\n    echo \"error: The sandbox is not in sync with the Podfile.lock. Run 'pod install' or update your CocoaPods installation.\" >&2\n    exit 1\nfi\n# This output is used by Xcode 'outputs' to avoid re-running this script phase.\necho \"SUCCESS\" > \"${SCRIPT_OUTPUT_FILE_0}\"\n";
			showEnvVarsInLog = 0;
		};
		AE78E1B25720990F46B77A3B /* [CP] Check Pods Manifest.lock */ = {
			isa = PBXShellScriptBuildPhase;
			buildActionMask = 2147483647;
			files = (
			);
			inputFileListPaths = (
			);
			inputPaths = (
				"${PODS_PODFILE_DIR_PATH}/Podfile.lock",
				"${PODS_ROOT}/Manifest.lock",
			);
			name = "[CP] Check Pods Manifest.lock";
			outputFileListPaths = (
			);
			outputPaths = (
				"$(DERIVED_FILE_DIR)/Pods-ClearArchitecture-checkManifestLockResult.txt",
			);
			runOnlyForDeploymentPostprocessing = 0;
			shellPath = /bin/sh;
			shellScript = "diff \"${PODS_PODFILE_DIR_PATH}/Podfile.lock\" \"${PODS_ROOT}/Manifest.lock\" > /dev/null\nif [ $? != 0 ] ; then\n    # print error to STDERR\n    echo \"error: The sandbox is not in sync with the Podfile.lock. Run 'pod install' or update your CocoaPods installation.\" >&2\n    exit 1\nfi\n# This output is used by Xcode 'outputs' to avoid re-running this script phase.\necho \"SUCCESS\" > \"${SCRIPT_OUTPUT_FILE_0}\"\n";
			showEnvVarsInLog = 0;
		};
		F2B225C129CDAD3F5A400748 /* [CP] Embed Pods Frameworks */ = {
			isa = PBXShellScriptBuildPhase;
			buildActionMask = 2147483647;
			files = (
			);
			inputFileListPaths = (
				"${PODS_ROOT}/Target Support Files/Pods-ClearArchitecture-ClearArchitectureUITests/Pods-ClearArchitecture-ClearArchitectureUITests-frameworks-${CONFIGURATION}-input-files.xcfilelist",
			);
			name = "[CP] Embed Pods Frameworks";
			outputFileListPaths = (
				"${PODS_ROOT}/Target Support Files/Pods-ClearArchitecture-ClearArchitectureUITests/Pods-ClearArchitecture-ClearArchitectureUITests-frameworks-${CONFIGURATION}-output-files.xcfilelist",
			);
			runOnlyForDeploymentPostprocessing = 0;
			shellPath = /bin/sh;
			shellScript = "\"${PODS_ROOT}/Target Support Files/Pods-ClearArchitecture-ClearArchitectureUITests/Pods-ClearArchitecture-ClearArchitectureUITests-frameworks.sh\"\n";
			showEnvVarsInLog = 0;
		};
/* End PBXShellScriptBuildPhase section */

/* Begin PBXSourcesBuildPhase section */
		226943AE23F29C9C003D42BF /* Sources */ = {
			isa = PBXSourcesBuildPhase;
			buildActionMask = 2147483647;
			files = (
				22CF34D223F549DD00E0F4FF /* RepositoryViewModel.swift in Sources */,
				22E9F4E823F4062E00C79D05 /* RepositoryNavigator.swift in Sources */,
				22E9F4EA23F4062E00C79D05 /* RepositoryViewController.swift in Sources */,
				22CF34B823F51F3E00E0F4FF /* Application.swift in Sources */,
				22987A8623F643C40081C3A9 /* APIResponseBase.swift in Sources */,
				22987A6623F643BD0081C3A9 /* Post.swift in Sources */,
				22987A8223F643C40081C3A9 /* NetworkProvider.swift in Sources */,
				22CF34C223F527D700E0F4FF /* ActivityIndicator.swift in Sources */,
				22987A6423F643BD0081C3A9 /* PagingInfo.swift in Sources */,
				22CF34B323F4E83B00E0F4FF /* DependencyAssembly.swift in Sources */,
				22E9F4E323F405E300C79D05 /* UIViewController+Reactive.swift in Sources */,
				22E9F4D923F4010D00C79D05 /* ViewModelType.swift in Sources */,
				22987A6923F643BD0081C3A9 /* RepositoryUseCase.swift in Sources */,
				22987A7F23F643C40081C3A9 /* RepositoryPage.swift in Sources */,
				22987A8823F643C40081C3A9 /* UseCaseProvider.swift in Sources */,
				22987A7E23F643C40081C3A9 /* RepositoryNetwork.swift in Sources */,
				22987A8023F643C40081C3A9 /* String+Helper.swift in Sources */,
				22CF34C723F533DD00E0F4FF /* Constant.swift in Sources */,
				22CF34C123F527D700E0F4FF /* ErrorTracker.swift in Sources */,
				22987A6523F643BD0081C3A9 /* Repository.swift in Sources */,
				22987A8523F643C40081C3A9 /* APIInput.swift in Sources */,
				226943B623F29C9C003D42BF /* AppDelegate.swift in Sources */,
				226943B823F29C9C003D42BF /* SceneDelegate.swift in Sources */,
				22CF34C323F527D700E0F4FF /* Observable+Ext.swift in Sources */,
				22987A8323F643C40081C3A9 /* ResponseError.swift in Sources */,
				22E9F4DC23F4017300C79D05 /* BindableType.swift in Sources */,
				22987A8123F643C40081C3A9 /* Network.swift in Sources */,
				22987A8423F643C40081C3A9 /* APIError.swift in Sources */,
			);
			runOnlyForDeploymentPostprocessing = 0;
		};
		226943C423F29C9F003D42BF /* Sources */ = {
			isa = PBXSourcesBuildPhase;
			buildActionMask = 2147483647;
			files = (
				226943CD23F29C9F003D42BF /* ClearArchitectureTests.swift in Sources */,
			);
			runOnlyForDeploymentPostprocessing = 0;
		};
		226943CF23F29C9F003D42BF /* Sources */ = {
			isa = PBXSourcesBuildPhase;
			buildActionMask = 2147483647;
			files = (
				226943D823F29C9F003D42BF /* ClearArchitectureUITests.swift in Sources */,
			);
			runOnlyForDeploymentPostprocessing = 0;
		};
/* End PBXSourcesBuildPhase section */

/* Begin PBXTargetDependency section */
		226943CA23F29C9F003D42BF /* PBXTargetDependency */ = {
			isa = PBXTargetDependency;
			target = 226943B123F29C9C003D42BF /* ClearArchitecture */;
			targetProxy = 226943C923F29C9F003D42BF /* PBXContainerItemProxy */;
		};
		226943D523F29C9F003D42BF /* PBXTargetDependency */ = {
			isa = PBXTargetDependency;
			target = 226943B123F29C9C003D42BF /* ClearArchitecture */;
			targetProxy = 226943D423F29C9F003D42BF /* PBXContainerItemProxy */;
		};
/* End PBXTargetDependency section */

/* Begin PBXVariantGroup section */
		226943BB23F29C9C003D42BF /* Main.storyboard */ = {
			isa = PBXVariantGroup;
			children = (
				226943BC23F29C9C003D42BF /* Base */,
			);
			name = Main.storyboard;
			sourceTree = "<group>";
		};
		226943C023F29C9F003D42BF /* LaunchScreen.storyboard */ = {
			isa = PBXVariantGroup;
			children = (
				226943C123F29C9F003D42BF /* Base */,
			);
			name = LaunchScreen.storyboard;
			sourceTree = "<group>";
		};
/* End PBXVariantGroup section */

/* Begin XCBuildConfiguration section */
		226943DA23F29C9F003D42BF /* Debug */ = {
			isa = XCBuildConfiguration;
			buildSettings = {
				ALWAYS_SEARCH_USER_PATHS = NO;
				CLANG_ANALYZER_NONNULL = YES;
				CLANG_ANALYZER_NUMBER_OBJECT_CONVERSION = YES_AGGRESSIVE;
				CLANG_CXX_LANGUAGE_STANDARD = "gnu++14";
				CLANG_CXX_LIBRARY = "libc++";
				CLANG_ENABLE_MODULES = YES;
				CLANG_ENABLE_OBJC_ARC = YES;
				CLANG_ENABLE_OBJC_WEAK = YES;
				CLANG_WARN_BLOCK_CAPTURE_AUTORELEASING = YES;
				CLANG_WARN_BOOL_CONVERSION = YES;
				CLANG_WARN_COMMA = YES;
				CLANG_WARN_CONSTANT_CONVERSION = YES;
				CLANG_WARN_DEPRECATED_OBJC_IMPLEMENTATIONS = YES;
				CLANG_WARN_DIRECT_OBJC_ISA_USAGE = YES_ERROR;
				CLANG_WARN_DOCUMENTATION_COMMENTS = YES;
				CLANG_WARN_EMPTY_BODY = YES;
				CLANG_WARN_ENUM_CONVERSION = YES;
				CLANG_WARN_INFINITE_RECURSION = YES;
				CLANG_WARN_INT_CONVERSION = YES;
				CLANG_WARN_NON_LITERAL_NULL_CONVERSION = YES;
				CLANG_WARN_OBJC_IMPLICIT_RETAIN_SELF = YES;
				CLANG_WARN_OBJC_LITERAL_CONVERSION = YES;
				CLANG_WARN_OBJC_ROOT_CLASS = YES_ERROR;
				CLANG_WARN_RANGE_LOOP_ANALYSIS = YES;
				CLANG_WARN_STRICT_PROTOTYPES = YES;
				CLANG_WARN_SUSPICIOUS_MOVE = YES;
				CLANG_WARN_UNGUARDED_AVAILABILITY = YES_AGGRESSIVE;
				CLANG_WARN_UNREACHABLE_CODE = YES;
				CLANG_WARN__DUPLICATE_METHOD_MATCH = YES;
				COPY_PHASE_STRIP = NO;
				DEBUG_INFORMATION_FORMAT = dwarf;
				ENABLE_STRICT_OBJC_MSGSEND = YES;
				ENABLE_TESTABILITY = YES;
				GCC_C_LANGUAGE_STANDARD = gnu11;
				GCC_DYNAMIC_NO_PIC = NO;
				GCC_NO_COMMON_BLOCKS = YES;
				GCC_OPTIMIZATION_LEVEL = 0;
				GCC_PREPROCESSOR_DEFINITIONS = (
					"DEBUG=1",
					"$(inherited)",
				);
				GCC_WARN_64_TO_32_BIT_CONVERSION = YES;
				GCC_WARN_ABOUT_RETURN_TYPE = YES_ERROR;
				GCC_WARN_UNDECLARED_SELECTOR = YES;
				GCC_WARN_UNINITIALIZED_AUTOS = YES_AGGRESSIVE;
				GCC_WARN_UNUSED_FUNCTION = YES;
				GCC_WARN_UNUSED_VARIABLE = YES;
				IPHONEOS_DEPLOYMENT_TARGET = 13.2;
				MTL_ENABLE_DEBUG_INFO = INCLUDE_SOURCE;
				MTL_FAST_MATH = YES;
				ONLY_ACTIVE_ARCH = YES;
				SDKROOT = iphoneos;
				SWIFT_ACTIVE_COMPILATION_CONDITIONS = DEBUG;
				SWIFT_OPTIMIZATION_LEVEL = "-Onone";
			};
			name = Debug;
		};
		226943DB23F29C9F003D42BF /* Release */ = {
			isa = XCBuildConfiguration;
			buildSettings = {
				ALWAYS_SEARCH_USER_PATHS = NO;
				CLANG_ANALYZER_NONNULL = YES;
				CLANG_ANALYZER_NUMBER_OBJECT_CONVERSION = YES_AGGRESSIVE;
				CLANG_CXX_LANGUAGE_STANDARD = "gnu++14";
				CLANG_CXX_LIBRARY = "libc++";
				CLANG_ENABLE_MODULES = YES;
				CLANG_ENABLE_OBJC_ARC = YES;
				CLANG_ENABLE_OBJC_WEAK = YES;
				CLANG_WARN_BLOCK_CAPTURE_AUTORELEASING = YES;
				CLANG_WARN_BOOL_CONVERSION = YES;
				CLANG_WARN_COMMA = YES;
				CLANG_WARN_CONSTANT_CONVERSION = YES;
				CLANG_WARN_DEPRECATED_OBJC_IMPLEMENTATIONS = YES;
				CLANG_WARN_DIRECT_OBJC_ISA_USAGE = YES_ERROR;
				CLANG_WARN_DOCUMENTATION_COMMENTS = YES;
				CLANG_WARN_EMPTY_BODY = YES;
				CLANG_WARN_ENUM_CONVERSION = YES;
				CLANG_WARN_INFINITE_RECURSION = YES;
				CLANG_WARN_INT_CONVERSION = YES;
				CLANG_WARN_NON_LITERAL_NULL_CONVERSION = YES;
				CLANG_WARN_OBJC_IMPLICIT_RETAIN_SELF = YES;
				CLANG_WARN_OBJC_LITERAL_CONVERSION = YES;
				CLANG_WARN_OBJC_ROOT_CLASS = YES_ERROR;
				CLANG_WARN_RANGE_LOOP_ANALYSIS = YES;
				CLANG_WARN_STRICT_PROTOTYPES = YES;
				CLANG_WARN_SUSPICIOUS_MOVE = YES;
				CLANG_WARN_UNGUARDED_AVAILABILITY = YES_AGGRESSIVE;
				CLANG_WARN_UNREACHABLE_CODE = YES;
				CLANG_WARN__DUPLICATE_METHOD_MATCH = YES;
				COPY_PHASE_STRIP = NO;
				DEBUG_INFORMATION_FORMAT = "dwarf-with-dsym";
				ENABLE_NS_ASSERTIONS = NO;
				ENABLE_STRICT_OBJC_MSGSEND = YES;
				GCC_C_LANGUAGE_STANDARD = gnu11;
				GCC_NO_COMMON_BLOCKS = YES;
				GCC_WARN_64_TO_32_BIT_CONVERSION = YES;
				GCC_WARN_ABOUT_RETURN_TYPE = YES_ERROR;
				GCC_WARN_UNDECLARED_SELECTOR = YES;
				GCC_WARN_UNINITIALIZED_AUTOS = YES_AGGRESSIVE;
				GCC_WARN_UNUSED_FUNCTION = YES;
				GCC_WARN_UNUSED_VARIABLE = YES;
				IPHONEOS_DEPLOYMENT_TARGET = 13.2;
				MTL_ENABLE_DEBUG_INFO = NO;
				MTL_FAST_MATH = YES;
				SDKROOT = iphoneos;
				SWIFT_COMPILATION_MODE = wholemodule;
				SWIFT_OPTIMIZATION_LEVEL = "-O";
				VALIDATE_PRODUCT = YES;
			};
			name = Release;
		};
		226943DD23F29C9F003D42BF /* Debug */ = {
			isa = XCBuildConfiguration;
			baseConfigurationReference = 0757A3AFD655E8658FA5CFA7 /* Pods-ClearArchitecture.debug.xcconfig */;
			buildSettings = {
				ALWAYS_EMBED_SWIFT_STANDARD_LIBRARIES = YES;
				ASSETCATALOG_COMPILER_APPICON_NAME = AppIcon;
				CODE_SIGN_STYLE = Automatic;
				DEVELOPMENT_TEAM = 4X4ZDEX56P;
				INFOPLIST_FILE = "$(SRCROOT)/ClearArchitecture/Application/Resource/Info.plist";
				IPHONEOS_DEPLOYMENT_TARGET = 12.0;
				LD_RUNPATH_SEARCH_PATHS = (
					"$(inherited)",
					"@executable_path/Frameworks",
				);
				PRODUCT_BUNDLE_IDENTIFIER = com.storm.ClearArchitecture;
				PRODUCT_NAME = "$(TARGET_NAME)";
				SWIFT_VERSION = 5.0;
				TARGETED_DEVICE_FAMILY = "1,2";
			};
			name = Debug;
		};
		226943DE23F29C9F003D42BF /* Release */ = {
			isa = XCBuildConfiguration;
			baseConfigurationReference = A4E9DEEE67CF184FB527EA50 /* Pods-ClearArchitecture.release.xcconfig */;
			buildSettings = {
				ALWAYS_EMBED_SWIFT_STANDARD_LIBRARIES = YES;
				ASSETCATALOG_COMPILER_APPICON_NAME = AppIcon;
				CODE_SIGN_STYLE = Automatic;
				DEVELOPMENT_TEAM = 4X4ZDEX56P;
				INFOPLIST_FILE = "$(SRCROOT)/ClearArchitecture/Application/Resource/Info.plist";
				IPHONEOS_DEPLOYMENT_TARGET = 12.0;
				LD_RUNPATH_SEARCH_PATHS = (
					"$(inherited)",
					"@executable_path/Frameworks",
				);
				PRODUCT_BUNDLE_IDENTIFIER = com.storm.ClearArchitecture;
				PRODUCT_NAME = "$(TARGET_NAME)";
				SWIFT_VERSION = 5.0;
				TARGETED_DEVICE_FAMILY = "1,2";
			};
			name = Release;
		};
		226943E023F29C9F003D42BF /* Debug */ = {
			isa = XCBuildConfiguration;
			baseConfigurationReference = 519BB947C95D2177BBC9E53E /* Pods-ClearArchitectureTests.debug.xcconfig */;
			buildSettings = {
				ALWAYS_EMBED_SWIFT_STANDARD_LIBRARIES = YES;
				BUNDLE_LOADER = "$(TEST_HOST)";
				CODE_SIGN_STYLE = Automatic;
				DEVELOPMENT_TEAM = 4X4ZDEX56P;
				INFOPLIST_FILE = ClearArchitectureTests/Info.plist;
				IPHONEOS_DEPLOYMENT_TARGET = 13.2;
				LD_RUNPATH_SEARCH_PATHS = (
					"$(inherited)",
					"@executable_path/Frameworks",
					"@loader_path/Frameworks",
				);
				PRODUCT_BUNDLE_IDENTIFIER = com.storm.ClearArchitectureTests;
				PRODUCT_NAME = "$(TARGET_NAME)";
				SWIFT_VERSION = 5.0;
				TARGETED_DEVICE_FAMILY = "1,2";
				TEST_HOST = "$(BUILT_PRODUCTS_DIR)/ClearArchitecture.app/ClearArchitecture";
			};
			name = Debug;
		};
		226943E123F29C9F003D42BF /* Release */ = {
			isa = XCBuildConfiguration;
			baseConfigurationReference = 1A34ECC1B4B5C3FEA15687E6 /* Pods-ClearArchitectureTests.release.xcconfig */;
			buildSettings = {
				ALWAYS_EMBED_SWIFT_STANDARD_LIBRARIES = YES;
				BUNDLE_LOADER = "$(TEST_HOST)";
				CODE_SIGN_STYLE = Automatic;
				DEVELOPMENT_TEAM = 4X4ZDEX56P;
				INFOPLIST_FILE = ClearArchitectureTests/Info.plist;
				IPHONEOS_DEPLOYMENT_TARGET = 13.2;
				LD_RUNPATH_SEARCH_PATHS = (
					"$(inherited)",
					"@executable_path/Frameworks",
					"@loader_path/Frameworks",
				);
				PRODUCT_BUNDLE_IDENTIFIER = com.storm.ClearArchitectureTests;
				PRODUCT_NAME = "$(TARGET_NAME)";
				SWIFT_VERSION = 5.0;
				TARGETED_DEVICE_FAMILY = "1,2";
				TEST_HOST = "$(BUILT_PRODUCTS_DIR)/ClearArchitecture.app/ClearArchitecture";
			};
			name = Release;
		};
		226943E323F29C9F003D42BF /* Debug */ = {
			isa = XCBuildConfiguration;
			baseConfigurationReference = ED6417F5F0501D7C804A3EE1 /* Pods-ClearArchitecture-ClearArchitectureUITests.debug.xcconfig */;
			buildSettings = {
				ALWAYS_EMBED_SWIFT_STANDARD_LIBRARIES = YES;
				CODE_SIGN_STYLE = Automatic;
				INFOPLIST_FILE = ClearArchitectureUITests/Info.plist;
				LD_RUNPATH_SEARCH_PATHS = (
					"$(inherited)",
					"@executable_path/Frameworks",
					"@loader_path/Frameworks",
				);
				PRODUCT_BUNDLE_IDENTIFIER = com.storm.ClearArchitectureUITests;
				PRODUCT_NAME = "$(TARGET_NAME)";
				SWIFT_VERSION = 5.0;
				TARGETED_DEVICE_FAMILY = "1,2";
				TEST_TARGET_NAME = ClearArchitecture;
			};
			name = Debug;
		};
		226943E423F29C9F003D42BF /* Release */ = {
			isa = XCBuildConfiguration;
			baseConfigurationReference = CEC34AA5AC3F4758E9818C8B /* Pods-ClearArchitecture-ClearArchitectureUITests.release.xcconfig */;
			buildSettings = {
				ALWAYS_EMBED_SWIFT_STANDARD_LIBRARIES = YES;
				CODE_SIGN_STYLE = Automatic;
				INFOPLIST_FILE = ClearArchitectureUITests/Info.plist;
				LD_RUNPATH_SEARCH_PATHS = (
					"$(inherited)",
					"@executable_path/Frameworks",
					"@loader_path/Frameworks",
				);
				PRODUCT_BUNDLE_IDENTIFIER = com.storm.ClearArchitectureUITests;
				PRODUCT_NAME = "$(TARGET_NAME)";
				SWIFT_VERSION = 5.0;
				TARGETED_DEVICE_FAMILY = "1,2";
				TEST_TARGET_NAME = ClearArchitecture;
			};
			name = Release;
		};
/* End XCBuildConfiguration section */

/* Begin XCConfigurationList section */
		226943AD23F29C9C003D42BF /* Build configuration list for PBXProject "ClearArchitecture" */ = {
			isa = XCConfigurationList;
			buildConfigurations = (
				226943DA23F29C9F003D42BF /* Debug */,
				226943DB23F29C9F003D42BF /* Release */,
			);
			defaultConfigurationIsVisible = 0;
			defaultConfigurationName = Release;
		};
		226943DC23F29C9F003D42BF /* Build configuration list for PBXNativeTarget "ClearArchitecture" */ = {
			isa = XCConfigurationList;
			buildConfigurations = (
				226943DD23F29C9F003D42BF /* Debug */,
				226943DE23F29C9F003D42BF /* Release */,
			);
			defaultConfigurationIsVisible = 0;
			defaultConfigurationName = Release;
		};
		226943DF23F29C9F003D42BF /* Build configuration list for PBXNativeTarget "ClearArchitectureTests" */ = {
			isa = XCConfigurationList;
			buildConfigurations = (
				226943E023F29C9F003D42BF /* Debug */,
				226943E123F29C9F003D42BF /* Release */,
			);
			defaultConfigurationIsVisible = 0;
			defaultConfigurationName = Release;
		};
		226943E223F29C9F003D42BF /* Build configuration list for PBXNativeTarget "ClearArchitectureUITests" */ = {
			isa = XCConfigurationList;
			buildConfigurations = (
				226943E323F29C9F003D42BF /* Debug */,
				226943E423F29C9F003D42BF /* Release */,
			);
			defaultConfigurationIsVisible = 0;
			defaultConfigurationName = Release;
		};
/* End XCConfigurationList section */
	};
	rootObject = 226943AA23F29C9C003D42BF /* Project object */;
}
